Microsoft Visual Studio Solution File, Format Version 12.00
# Visual Studio Version 17
VisualStudioVersion = 17.5.2.0
MinimumVisualStudioVersion = 10.0.40219.1
Project("{FAE04EC0-301F-11D3-BF4B-00C04F79EFBC}") = "EbiRom.N2T", "EbiRom.N2T.csproj", "{5CBFFC8B-03FF-5B44-C5CF-30772CF3BDBE}"
EndProject
Global
	GlobalSection(SolutionConfigurationPlatforms) = preSolution
		Debug|Any CPU = Debug|Any CPU
		Release|Any CPU = Release|Any CPU
	EndGlobalSection
	GlobalSection(ProjectConfigurationPlatforms) = postSolution
		{5CBFFC8B-03FF-5B44-C5CF-30772CF3BDBE}.Debug|Any CPU.ActiveCfg = Debug|Any CPU
		{5CBFFC8B-03FF-5B44-C5CF-30772CF3BDBE}.Debug|Any CPU.Build.0 = Debug|Any CPU
		{5CBFFC8B-03FF-5B44-C5CF-30772CF3BDBE}.Release|Any CPU.ActiveCfg = Release|Any CPU
		{5CBFFC8B-03FF-5B44-C5CF-30772CF3BDBE}.Release|Any CPU.Build.0 = Release|Any CPU
	EndGlobalSection
	GlobalSection(SolutionProperties) = preSolution
		HideSolutionNode = FALSE
	EndGlobalSection
	GlobalSection(ExtensibilityGlobals) = postSolution
		SolutionGuid = {E73A882A-E24C-41D0-9A3C-CEBB8A165003}
	EndGlobalSection
EndGlobal
